dependencies:
- name: mongodb
  repository: oci://registry-1.docker.io/bitnamicharts
  version: 15.6.11
- name: opa
  repository: https://thefunny42.github.io/charts
  version: 0.66.0
digest: sha256:668850ebbf9f7e83b3fefc77953c08c7e4911aeda4df01d4b70b11cf57ad1ef1
generated: "2024-07-24T19:23:09.4973092+02:00"
